
Microsoft Visual Studio Solution File, Format Version 12.00
# Visual Studio 15
VisualStudioVersion = 15.0.26403.7
MinimumVisualStudioVersion = 10.0.40219.1
Project("{FAE04EC0-301F-11D3-BF4B-00C04F79EFBC}") = "FormsPrinting.Android", "FormsPrinting.Android\FormsPrinting.Android.csproj", "{BD522E28-850F-4E5C-BBD7-1D1CEDAE4E68}"
EndProject
Project("{FAE04EC0-301F-11D3-BF4B-00C04F79EFBC}") = "FormsPrinting", "FormsPrinting\FormsPrinting.csproj", "{24D582D1-102D-457E-A195-1CA33B63D644}"
EndProject
Project("{FAE04EC0-301F-11D3-BF4B-00C04F79EFBC}") = "FormsPrinting.UWP", "FormsPrinting.UWP\FormsPrinting.UWP.csproj", "{4989A934-5E34-44FD-83F3-38ECCA7624F5}"
EndProject
Project("{FAE04EC0-301F-11D3-BF4B-00C04F79EFBC}") = "FormsPrinting.iOS", "FormsPrinting.iOS\FormsPrinting.iOS.csproj", "{BDCD945A-1C19-438E-80B4-55F873129D71}"
EndProject
Global
	GlobalSection(SolutionConfigurationPlatforms) = preSolution
		Ad-Hoc|Any CPU = Ad-Hoc|Any CPU
		Ad-Hoc|ARM = Ad-Hoc|ARM
		Ad-Hoc|iPhone = Ad-Hoc|iPhone
		Ad-Hoc|iPhoneSimulator = Ad-Hoc|iPhoneSimulator
		Ad-Hoc|x64 = Ad-Hoc|x64
		Ad-Hoc|x86 = Ad-Hoc|x86
		AppStore|Any CPU = AppStore|Any CPU
		AppStore|ARM = AppStore|ARM
		AppStore|iPhone = AppStore|iPhone
		AppStore|iPhoneSimulator = AppStore|iPhoneSimulator
		AppStore|x64 = AppStore|x64
		AppStore|x86 = AppStore|x86
		Debug|Any CPU = Debug|Any CPU
		Debug|ARM = Debug|ARM
		Debug|iPhone = Debug|iPhone
		Debug|iPhoneSimulator = Debug|iPhoneSimulator
		Debug|x64 = Debug|x64
		Debug|x86 = Debug|x86
		Release|Any CPU = Release|Any CPU
		Release|ARM = Release|ARM
		Release|iPhone = Release|iPhone
		Release|iPhoneSimulator = Release|iPhoneSimulator
		Release|x64 = Release|x64
		Release|x86 = Release|x86
	EndGlobalSection
	GlobalSection(ProjectConfigurationPlatforms) = postSolution
		{BD522E28-850F-4E5C-BBD7-1D1CEDAE4E68}.Ad-Hoc|Any CPU.ActiveCfg = Release|Any CPU
		{BD522E28-850F-4E5C-BBD7-1D1CEDAE4E68}.Ad-Hoc|Any CPU.Build.0 = Release|Any CPU
		{BD522E28-850F-4E5C-BBD7-1D1CEDAE4E68}.Ad-Hoc|Any CPU.Deploy.0 = Release|Any CPU
		{BD522E28-850F-4E5C-BBD7-1D1CEDAE4E68}.Ad-Hoc|ARM.ActiveCfg = Release|Any CPU
		{BD522E28-850F-4E5C-BBD7-1D1CEDAE4E68}.Ad-Hoc|ARM.Build.0 = Release|Any CPU
		{BD522E28-850F-4E5C-BBD7-1D1CEDAE4E68}.Ad-Hoc|ARM.Deploy.0 = Release|Any CPU
		{BD522E28-850F-4E5C-BBD7-1D1CEDAE4E68}.Ad-Hoc|iPhone.ActiveCfg = Release|Any CPU
		{BD522E28-850F-4E5C-BBD7-1D1CEDAE4E68}.Ad-Hoc|iPhone.Build.0 = Release|Any CPU
		{BD522E28-850F-4E5C-BBD7-1D1CEDAE4E68}.Ad-Hoc|iPhone.Deploy.0 = Release|Any CPU
		{BD522E28-850F-4E5C-BBD7-1D1CEDAE4E68}.Ad-Hoc|iPhoneSimulator.ActiveCfg = Release|Any CPU
		{BD522E28-850F-4E5C-BBD7-1D1CEDAE4E68}.Ad-Hoc|iPhoneSimulator.Build.0 = Release|Any CPU
		{BD522E28-850F-4E5C-BBD7-1D1CEDAE4E68}.Ad-Hoc|iPhoneSimulator.Deploy.0 = Release|Any CPU
		{BD522E28-850F-4E5C-BBD7-1D1CEDAE4E68}.Ad-Hoc|x64.ActiveCfg = Release|Any CPU
		{BD522E28-850F-4E5C-BBD7-1D1CEDAE4E68}.Ad-Hoc|x64.Build.0 = Release|Any CPU
		{BD522E28-850F-4E5C-BBD7-1D1CEDAE4E68}.Ad-Hoc|x64.Deploy.0 = Release|Any CPU
		{BD522E28-850F-4E5C-BBD7-1D1CEDAE4E68}.Ad-Hoc|x86.ActiveCfg = Release|Any CPU
		{BD522E28-850F-4E5C-BBD7-1D1CEDAE4E68}.Ad-Hoc|x86.Build.0 = Release|Any CPU
		{BD522E28-850F-4E5C-BBD7-1D1CEDAE4E68}.Ad-Hoc|x86.Deploy.0 = Release|Any CPU
		{BD522E28-850F-4E5C-BBD7-1D1CEDAE4E68}.AppStore|Any CPU.ActiveCfg = Release|Any CPU
		{BD522E28-850F-4E5C-BBD7-1D1CEDAE4E68}.AppStore|Any CPU.Build.0 = Release|Any CPU
		{BD522E28-850F-4E5C-BBD7-1D1CEDAE4E68}.AppStore|Any CPU.Deploy.0 = Release|Any CPU
		{BD522E28-850F-4E5C-BBD7-1D1CEDAE4E68}.AppStore|ARM.ActiveCfg = Release|Any CPU
		{BD522E28-850F-4E5C-BBD7-1D1CEDAE4E68}.AppStore|ARM.Build.0 = Release|Any CPU
		{BD522E28-850F-4E5C-BBD7-1D1CEDAE4E68}.AppStore|ARM.Deploy.0 = Release|Any CPU
		{BD522E28-850F-4E5C-BBD7-1D1CEDAE4E68}.AppStore|iPhone.ActiveCfg = Release|Any CPU
		{BD522E28-850F-4E5C-BBD7-1D1CEDAE4E68}.AppStore|iPhone.Build.0 = Release|Any CPU
		{BD522E28-850F-4E5C-BBD7-1D1CEDAE4E68}.AppStore|iPhone.Deploy.0 = Release|Any CPU
		{BD522E28-850F-4E5C-BBD7-1D1CEDAE4E68}.AppStore|iPhoneSimulator.ActiveCfg = Release|Any CPU
		{BD522E28-850F-4E5C-BBD7-1D1CEDAE4E68}.AppStore|iPhoneSimulator.Build.0 = Release|Any CPU
		{BD522E28-850F-4E5C-BBD7-1D1CEDAE4E68}.AppStore|iPhoneSimulator.Deploy.0 = Release|Any CPU
		{BD522E28-850F-4E5C-BBD7-1D1CEDAE4E68}.AppStore|x64.ActiveCfg = Release|Any CPU
		{BD522E28-850F-4E5C-BBD7-1D1CEDAE4E68}.AppStore|x64.Build.0 = Release|Any CPU
		{BD522E28-850F-4E5C-BBD7-1D1CEDAE4E68}.AppStore|x64.Deploy.0 = Release|Any CPU
		{BD522E28-850F-4E5C-BBD7-1D1CEDAE4E68}.AppStore|x86.ActiveCfg = Release|Any CPU
		{BD522E28-850F-4E5C-BBD7-1D1CEDAE4E68}.AppStore|x86.Build.0 = Release|Any CPU
		{BD522E28-850F-4E5C-BBD7-1D1CEDAE4E68}.AppStore|x86.Deploy.0 = Release|Any CPU
		{BD522E28-850F-4E5C-BBD7-1D1CEDAE4E68}.Debug|Any CPU.ActiveCfg = Debug|Any CPU
		{BD522E28-850F-4E5C-BBD7-1D1CEDAE4E68}.Debug|Any CPU.Build.0 = Debug|Any CPU
		{BD522E28-850F-4E5C-BBD7-1D1CEDAE4E68}.Debug|Any CPU.Deploy.0 = Debug|Any CPU
		{BD522E28-850F-4E5C-BBD7-1D1CEDAE4E68}.Debug|ARM.ActiveCfg = Debug|Any CPU
		{BD522E28-850F-4E5C-BBD7-1D1CEDAE4E68}.Debug|ARM.Build.0 = Debug|Any CPU
		{BD522E28-850F-4E5C-BBD7-1D1CEDAE4E68}.Debug|ARM.Deploy.0 = Debug|Any CPU
		{BD522E28-850F-4E5C-BBD7-1D1CEDAE4E68}.Debug|iPhone.ActiveCfg = Debug|Any CPU
		{BD522E28-850F-4E5C-BBD7-1D1CEDAE4E68}.Debug|iPhone.Build.0 = Debug|Any CPU
		{BD522E28-850F-4E5C-BBD7-1D1CEDAE4E68}.Debug|iPhone.Deploy.0 = Debug|Any CPU
		{BD522E28-850F-4E5C-BBD7-1D1CEDAE4E68}.Debug|iPhoneSimulator.ActiveCfg = Debug|Any CPU
		{BD522E28-850F-4E5C-BBD7-1D1CEDAE4E68}.Debug|iPhoneSimulator.Build.0 = Debug|Any CPU
		{BD522E28-850F-4E5C-BBD7-1D1CEDAE4E68}.Debug|iPhoneSimulator.Deploy.0 = Debug|Any CPU
		{BD522E28-850F-4E5C-BBD7-1D1CEDAE4E68}.Debug|x64.ActiveCfg = Debug|Any CPU
		{BD522E28-850F-4E5C-BBD7-1D1CEDAE4E68}.Debug|x64.Build.0 = Debug|Any CPU
		{BD522E28-850F-4E5C-BBD7-1D1CEDAE4E68}.Debug|x64.Deploy.0 = Debug|Any CPU
		{BD522E28-850F-4E5C-BBD7-1D1CEDAE4E68}.Debug|x86.ActiveCfg = Debug|Any CPU
		{BD522E28-850F-4E5C-BBD7-1D1CEDAE4E68}.Debug|x86.Build.0 = Debug|Any CPU
		{BD522E28-850F-4E5C-BBD7-1D1CEDAE4E68}.Debug|x86.Deploy.0 = Debug|Any CPU
		{BD522E28-850F-4E5C-BBD7-1D1CEDAE4E68}.Release|Any CPU.ActiveCfg = Release|Any CPU
		{BD522E28-850F-4E5C-BBD7-1D1CEDAE4E68}.Release|Any CPU.Build.0 = Release|Any CPU
		{BD522E28-850F-4E5C-BBD7-1D1CEDAE4E68}.Release|Any CPU.Deploy.0 = Release|Any CPU
		{BD522E28-850F-4E5C-BBD7-1D1CEDAE4E68}.Release|ARM.ActiveCfg = Release|Any CPU
		{BD522E28-850F-4E5C-BBD7-1D1CEDAE4E68}.Release|ARM.Build.0 = Release|Any CPU
		{BD522E28-850F-4E5C-BBD7-1D1CEDAE4E68}.Release|ARM.Deploy.0 = Release|Any CPU
		{BD522E28-850F-4E5C-BBD7-1D1CEDAE4E68}.Release|iPhone.ActiveCfg = Release|Any CPU
		{BD522E28-850F-4E5C-BBD7-1D1CEDAE4E68}.Release|iPhone.Build.0 = Release|Any CPU
		{BD522E28-850F-4E5C-BBD7-1D1CEDAE4E68}.Release|iPhone.Deploy.0 = Release|Any CPU
		{BD522E28-850F-4E5C-BBD7-1D1CEDAE4E68}.Release|iPhoneSimulator.ActiveCfg = Release|Any CPU
		{BD522E28-850F-4E5C-BBD7-1D1CEDAE4E68}.Release|iPhoneSimulator.Build.0 = Release|Any CPU
		{BD522E28-850F-4E5C-BBD7-1D1CEDAE4E68}.Release|iPhoneSimulator.Deploy.0 = Release|Any CPU
		{BD522E28-850F-4E5C-BBD7-1D1CEDAE4E68}.Release|x64.ActiveCfg = Release|Any CPU
		{BD522E28-850F-4E5C-BBD7-1D1CEDAE4E68}.Release|x64.Build.0 = Release|Any CPU
		{BD522E28-850F-4E5C-BBD7-1D1CEDAE4E68}.Release|x64.Deploy.0 = Release|Any CPU
		{BD522E28-850F-4E5C-BBD7-1D1CEDAE4E68}.Release|x86.ActiveCfg = Release|Any CPU
		{BD522E28-850F-4E5C-BBD7-1D1CEDAE4E68}.Release|x86.Build.0 = Release|Any CPU
		{BD522E28-850F-4E5C-BBD7-1D1CEDAE4E68}.Release|x86.Deploy.0 = Release|Any CPU
		{24D582D1-102D-457E-A195-1CA33B63D644}.Ad-Hoc|Any CPU.ActiveCfg = Release|Any CPU
		{24D582D1-102D-457E-A195-1CA33B63D644}.Ad-Hoc|Any CPU.Build.0 = Release|Any CPU
		{24D582D1-102D-457E-A195-1CA33B63D644}.Ad-Hoc|ARM.ActiveCfg = Release|Any CPU
		{24D582D1-102D-457E-A195-1CA33B63D644}.Ad-Hoc|ARM.Build.0 = Release|Any CPU
		{24D582D1-102D-457E-A195-1CA33B63D644}.Ad-Hoc|iPhone.ActiveCfg = Release|Any CPU
		{24D582D1-102D-457E-A195-1CA33B63D644}.Ad-Hoc|iPhone.Build.0 = Release|Any CPU
		{24D582D1-102D-457E-A195-1CA33B63D644}.Ad-Hoc|iPhoneSimulator.ActiveCfg = Release|Any CPU
		{24D582D1-102D-457E-A195-1CA33B63D644}.Ad-Hoc|iPhoneSimulator.Build.0 = Release|Any CPU
		{24D582D1-102D-457E-A195-1CA33B63D644}.Ad-Hoc|x64.ActiveCfg = Release|Any CPU
		{24D582D1-102D-457E-A195-1CA33B63D644}.Ad-Hoc|x64.Build.0 = Release|Any CPU
		{24D582D1-102D-457E-A195-1CA33B63D644}.Ad-Hoc|x86.ActiveCfg = Release|Any CPU
		{24D582D1-102D-457E-A195-1CA33B63D644}.Ad-Hoc|x86.Build.0 = Release|Any CPU
		{24D582D1-102D-457E-A195-1CA33B63D644}.AppStore|Any CPU.ActiveCfg = Release|Any CPU
		{24D582D1-102D-457E-A195-1CA33B63D644}.AppStore|Any CPU.Build.0 = Release|Any CPU
		{24D582D1-102D-457E-A195-1CA33B63D644}.AppStore|ARM.ActiveCfg = Release|Any CPU
		{24D582D1-102D-457E-A195-1CA33B63D644}.AppStore|ARM.Build.0 = Release|Any CPU
		{24D582D1-102D-457E-A195-1CA33B63D644}.AppStore|iPhone.ActiveCfg = Release|Any CPU
		{24D582D1-102D-457E-A195-1CA33B63D644}.AppStore|iPhone.Build.0 = Release|Any CPU
		{24D582D1-102D-457E-A195-1CA33B63D644}.AppStore|iPhoneSimulator.ActiveCfg = Release|Any CPU
		{24D582D1-102D-457E-A195-1CA33B63D644}.AppStore|iPhoneSimulator.Build.0 = Release|Any CPU
		{24D582D1-102D-457E-A195-1CA33B63D644}.AppStore|x64.ActiveCfg = Release|Any CPU
		{24D582D1-102D-457E-A195-1CA33B63D644}.AppStore|x64.Build.0 = Release|Any CPU
		{24D582D1-102D-457E-A195-1CA33B63D644}.AppStore|x86.ActiveCfg = Release|Any CPU
		{24D582D1-102D-457E-A195-1CA33B63D644}.AppStore|x86.Build.0 = Release|Any CPU
		{24D582D1-102D-457E-A195-1CA33B63D644}.Debug|Any CPU.ActiveCfg = Debug|Any CPU
		{24D582D1-102D-457E-A195-1CA33B63D644}.Debug|Any CPU.Build.0 = Debug|Any CPU
		{24D582D1-102D-457E-A195-1CA33B63D644}.Debug|ARM.ActiveCfg = Debug|Any CPU
		{24D582D1-102D-457E-A195-1CA33B63D644}.Debug|ARM.Build.0 = Debug|Any CPU
		{24D582D1-102D-457E-A195-1CA33B63D644}.Debug|iPhone.ActiveCfg = Debug|Any CPU
		{24D582D1-102D-457E-A195-1CA33B63D644}.Debug|iPhone.Build.0 = Debug|Any CPU
		{24D582D1-102D-457E-A195-1CA33B63D644}.Debug|iPhoneSimulator.ActiveCfg = Debug|Any CPU
		{24D582D1-102D-457E-A195-1CA33B63D644}.Debug|iPhoneSimulator.Build.0 = Debug|Any CPU
		{24D582D1-102D-457E-A195-1CA33B63D644}.Debug|x64.ActiveCfg = Debug|Any CPU
		{24D582D1-102D-457E-A195-1CA33B63D644}.Debug|x64.Build.0 = Debug|Any CPU
		{24D582D1-102D-457E-A195-1CA33B63D644}.Debug|x86.ActiveCfg = Debug|Any CPU
		{24D582D1-102D-457E-A195-1CA33B63D644}.Debug|x86.Build.0 = Debug|Any CPU
		{24D582D1-102D-457E-A195-1CA33B63D644}.Release|Any CPU.ActiveCfg = Release|Any CPU
		{24D582D1-102D-457E-A195-1CA33B63D644}.Release|Any CPU.Build.0 = Release|Any CPU
		{24D582D1-102D-457E-A195-1CA33B63D644}.Release|ARM.ActiveCfg = Release|Any CPU
		{24D582D1-102D-457E-A195-1CA33B63D644}.Release|ARM.Build.0 = Release|Any CPU
		{24D582D1-102D-457E-A195-1CA33B63D644}.Release|iPhone.ActiveCfg = Release|Any CPU
		{24D582D1-102D-457E-A195-1CA33B63D644}.Release|iPhone.Build.0 = Release|Any CPU
		{24D582D1-102D-457E-A195-1CA33B63D644}.Release|iPhoneSimulator.ActiveCfg = Release|Any CPU
		{24D582D1-102D-457E-A195-1CA33B63D644}.Release|iPhoneSimulator.Build.0 = Release|Any CPU
		{24D582D1-102D-457E-A195-1CA33B63D644}.Release|x64.ActiveCfg = Release|Any CPU
		{24D582D1-102D-457E-A195-1CA33B63D644}.Release|x64.Build.0 = Release|Any CPU
		{24D582D1-102D-457E-A195-1CA33B63D644}.Release|x86.ActiveCfg = Release|Any CPU
		{24D582D1-102D-457E-A195-1CA33B63D644}.Release|x86.Build.0 = Release|Any CPU
		{4989A934-5E34-44FD-83F3-38ECCA7624F5}.Ad-Hoc|Any CPU.ActiveCfg = Release|x86
		{4989A934-5E34-44FD-83F3-38ECCA7624F5}.Ad-Hoc|Any CPU.Build.0 = Release|x86
		{4989A934-5E34-44FD-83F3-38ECCA7624F5}.Ad-Hoc|Any CPU.Deploy.0 = Release|x86
		{4989A934-5E34-44FD-83F3-38ECCA7624F5}.Ad-Hoc|ARM.ActiveCfg = Release|ARM
		{4989A934-5E34-44FD-83F3-38ECCA7624F5}.Ad-Hoc|ARM.Build.0 = Release|ARM
		{4989A934-5E34-44FD-83F3-38ECCA7624F5}.Ad-Hoc|ARM.Deploy.0 = Release|ARM
		{4989A934-5E34-44FD-83F3-38ECCA7624F5}.Ad-Hoc|iPhone.ActiveCfg = Release|x86
		{4989A934-5E34-44FD-83F3-38ECCA7624F5}.Ad-Hoc|iPhone.Build.0 = Release|x86
		{4989A934-5E34-44FD-83F3-38ECCA7624F5}.Ad-Hoc|iPhone.Deploy.0 = Release|x86
		{4989A934-5E34-44FD-83F3-38ECCA7624F5}.Ad-Hoc|iPhoneSimulator.ActiveCfg = Release|x86
		{4989A934-5E34-44FD-83F3-38ECCA7624F5}.Ad-Hoc|iPhoneSimulator.Build.0 = Release|x86
		{4989A934-5E34-44FD-83F3-38ECCA7624F5}.Ad-Hoc|iPhoneSimulator.Deploy.0 = Release|x86
		{4989A934-5E34-44FD-83F3-38ECCA7624F5}.Ad-Hoc|x64.ActiveCfg = Release|x64
		{4989A934-5E34-44FD-83F3-38ECCA7624F5}.Ad-Hoc|x64.Build.0 = Release|x64
		{4989A934-5E34-44FD-83F3-38ECCA7624F5}.Ad-Hoc|x64.Deploy.0 = Release|x64
		{4989A934-5E34-44FD-83F3-38ECCA7624F5}.Ad-Hoc|x86.ActiveCfg = Release|x86
		{4989A934-5E34-44FD-83F3-38ECCA7624F5}.Ad-Hoc|x86.Build.0 = Release|x86
		{4989A934-5E34-44FD-83F3-38ECCA7624F5}.Ad-Hoc|x86.Deploy.0 = Release|x86
		{4989A934-5E34-44FD-83F3-38ECCA7624F5}.AppStore|Any CPU.ActiveCfg = Release|x86
		{4989A934-5E34-44FD-83F3-38ECCA7624F5}.AppStore|Any CPU.Build.0 = Release|x86
		{4989A934-5E34-44FD-83F3-38ECCA7624F5}.AppStore|Any CPU.Deploy.0 = Release|x86
		{4989A934-5E34-44FD-83F3-38ECCA7624F5}.AppStore|ARM.ActiveCfg = Release|ARM
		{4989A934-5E34-44FD-83F3-38ECCA7624F5}.AppStore|ARM.Build.0 = Release|ARM
		{4989A934-5E34-44FD-83F3-38ECCA7624F5}.AppStore|ARM.Deploy.0 = Release|ARM
		{4989A934-5E34-44FD-83F3-38ECCA7624F5}.AppStore|iPhone.ActiveCfg = Release|x86
		{4989A934-5E34-44FD-83F3-38ECCA7624F5}.AppStore|iPhone.Build.0 = Release|x86
		{4989A934-5E34-44FD-83F3-38ECCA7624F5}.AppStore|iPhone.Deploy.0 = Release|x86
		{4989A934-5E34-44FD-83F3-38ECCA7624F5}.AppStore|iPhoneSimulator.ActiveCfg = Release|x86
		{4989A934-5E34-44FD-83F3-38ECCA7624F5}.AppStore|iPhoneSimulator.Build.0 = Release|x86
		{4989A934-5E34-44FD-83F3-38ECCA7624F5}.AppStore|iPhoneSimulator.Deploy.0 = Release|x86
		{4989A934-5E34-44FD-83F3-38ECCA7624F5}.AppStore|x64.ActiveCfg = Release|x64
		{4989A934-5E34-44FD-83F3-38ECCA7624F5}.AppStore|x64.Build.0 = Release|x64
		{4989A934-5E34-44FD-83F3-38ECCA7624F5}.AppStore|x64.Deploy.0 = Release|x64
		{4989A934-5E34-44FD-83F3-38ECCA7624F5}.AppStore|x86.ActiveCfg = Release|x86
		{4989A934-5E34-44FD-83F3-38ECCA7624F5}.AppStore|x86.Build.0 = Release|x86
		{4989A934-5E34-44FD-83F3-38ECCA7624F5}.AppStore|x86.Deploy.0 = Release|x86
		{4989A934-5E34-44FD-83F3-38ECCA7624F5}.Debug|Any CPU.ActiveCfg = Debug|x86
		{4989A934-5E34-44FD-83F3-38ECCA7624F5}.Debug|ARM.ActiveCfg = Debug|ARM
		{4989A934-5E34-44FD-83F3-38ECCA7624F5}.Debug|ARM.Build.0 = Debug|ARM
		{4989A934-5E34-44FD-83F3-38ECCA7624F5}.Debug|ARM.Deploy.0 = Debug|ARM
		{4989A934-5E34-44FD-83F3-38ECCA7624F5}.Debug|iPhone.ActiveCfg = Debug|x86
		{4989A934-5E34-44FD-83F3-38ECCA7624F5}.Debug|iPhoneSimulator.ActiveCfg = Debug|x86
		{4989A934-5E34-44FD-83F3-38ECCA7624F5}.Debug|x64.ActiveCfg = Debug|x64
		{4989A934-5E34-44FD-83F3-38ECCA7624F5}.Debug|x64.Build.0 = Debug|x64
		{4989A934-5E34-44FD-83F3-38ECCA7624F5}.Debug|x64.Deploy.0 = Debug|x64
		{4989A934-5E34-44FD-83F3-38ECCA7624F5}.Debug|x86.ActiveCfg = Debug|x86
		{4989A934-5E34-44FD-83F3-38ECCA7624F5}.Debug|x86.Build.0 = Debug|x86
		{4989A934-5E34-44FD-83F3-38ECCA7624F5}.Debug|x86.Deploy.0 = Debug|x86
		{4989A934-5E34-44FD-83F3-38ECCA7624F5}.Release|Any CPU.ActiveCfg = Release|x86
		{4989A934-5E34-44FD-83F3-38ECCA7624F5}.Release|ARM.ActiveCfg = Release|ARM
		{4989A934-5E34-44FD-83F3-38ECCA7624F5}.Release|ARM.Build.0 = Release|ARM
		{4989A934-5E34-44FD-83F3-38ECCA7624F5}.Release|ARM.Deploy.0 = Release|ARM
		{4989A934-5E34-44FD-83F3-38ECCA7624F5}.Release|iPhone.ActiveCfg = Release|x86
		{4989A934-5E34-44FD-83F3-38ECCA7624F5}.Release|iPhoneSimulator.ActiveCfg = Release|x86
		{4989A934-5E34-44FD-83F3-38ECCA7624F5}.Release|x64.ActiveCfg = Release|x64
		{4989A934-5E34-44FD-83F3-38ECCA7624F5}.Release|x64.Build.0 = Release|x64
		{4989A934-5E34-44FD-83F3-38ECCA7624F5}.Release|x64.Deploy.0 = Release|x64
		{4989A934-5E34-44FD-83F3-38ECCA7624F5}.Release|x86.ActiveCfg = Release|x86
		{4989A934-5E34-44FD-83F3-38ECCA7624F5}.Release|x86.Build.0 = Release|x86
		{4989A934-5E34-44FD-83F3-38ECCA7624F5}.Release|x86.Deploy.0 = Release|x86
		{BDCD945A-1C19-438E-80B4-55F873129D71}.Ad-Hoc|Any CPU.ActiveCfg = Ad-Hoc|iPhone
		{BDCD945A-1C19-438E-80B4-55F873129D71}.Ad-Hoc|ARM.ActiveCfg = Ad-Hoc|iPhone
		{BDCD945A-1C19-438E-80B4-55F873129D71}.Ad-Hoc|iPhone.ActiveCfg = Ad-Hoc|iPhone
		{BDCD945A-1C19-438E-80B4-55F873129D71}.Ad-Hoc|iPhone.Build.0 = Ad-Hoc|iPhone
		{BDCD945A-1C19-438E-80B4-55F873129D71}.Ad-Hoc|iPhoneSimulator.ActiveCfg = Ad-Hoc|iPhoneSimulator
		{BDCD945A-1C19-438E-80B4-55F873129D71}.Ad-Hoc|iPhoneSimulator.Build.0 = Ad-Hoc|iPhoneSimulator
		{BDCD945A-1C19-438E-80B4-55F873129D71}.Ad-Hoc|x64.ActiveCfg = Ad-Hoc|iPhone
		{BDCD945A-1C19-438E-80B4-55F873129D71}.Ad-Hoc|x86.ActiveCfg = Ad-Hoc|iPhone
		{BDCD945A-1C19-438E-80B4-55F873129D71}.AppStore|Any CPU.ActiveCfg = AppStore|iPhone
		{BDCD945A-1C19-438E-80B4-55F873129D71}.AppStore|ARM.ActiveCfg = AppStore|iPhone
		{BDCD945A-1C19-438E-80B4-55F873129D71}.AppStore|iPhone.ActiveCfg = AppStore|iPhone
		{BDCD945A-1C19-438E-80B4-55F873129D71}.AppStore|iPhone.Build.0 = AppStore|iPhone
		{BDCD945A-1C19-438E-80B4-55F873129D71}.AppStore|iPhoneSimulator.ActiveCfg = AppStore|iPhoneSimulator
		{BDCD945A-1C19-438E-80B4-55F873129D71}.AppStore|iPhoneSimulator.Build.0 = AppStore|iPhoneSimulator
		{BDCD945A-1C19-438E-80B4-55F873129D71}.AppStore|x64.ActiveCfg = AppStore|iPhone
		{BDCD945A-1C19-438E-80B4-55F873129D71}.AppStore|x86.ActiveCfg = AppStore|iPhone
		{BDCD945A-1C19-438E-80B4-55F873129D71}.Debug|Any CPU.ActiveCfg = Debug|iPhone
		{BDCD945A-1C19-438E-80B4-55F873129D71}.Debug|ARM.ActiveCfg = Debug|iPhone
		{BDCD945A-1C19-438E-80B4-55F873129D71}.Debug|iPhone.ActiveCfg = Debug|iPhone
		{BDCD945A-1C19-438E-80B4-55F873129D71}.Debug|iPhone.Build.0 = Debug|iPhone
		{BDCD945A-1C19-438E-80B4-55F873129D71}.Debug|iPhoneSimulator.ActiveCfg = Debug|iPhoneSimulator
		{BDCD945A-1C19-438E-80B4-55F873129D71}.Debug|iPhoneSimulator.Build.0 = Debug|iPhoneSimulator
		{BDCD945A-1C19-438E-80B4-55F873129D71}.Debug|x64.ActiveCfg = Debug|iPhone
		{BDCD945A-1C19-438E-80B4-55F873129D71}.Debug|x86.ActiveCfg = Debug|iPhone
		{BDCD945A-1C19-438E-80B4-55F873129D71}.Release|Any CPU.ActiveCfg = Release|iPhone
		{BDCD945A-1C19-438E-80B4-55F873129D71}.Release|ARM.ActiveCfg = Release|iPhone
		{BDCD945A-1C19-438E-80B4-55F873129D71}.Release|iPhone.ActiveCfg = Release|iPhone
		{BDCD945A-1C19-438E-80B4-55F873129D71}.Release|iPhone.Build.0 = Release|iPhone
		{BDCD945A-1C19-438E-80B4-55F873129D71}.Release|iPhoneSimulator.ActiveCfg = Release|iPhoneSimulator
		{BDCD945A-1C19-438E-80B4-55F873129D71}.Release|iPhoneSimulator.Build.0 = Release|iPhoneSimulator
		{BDCD945A-1C19-438E-80B4-55F873129D71}.Release|x64.ActiveCfg = Release|iPhone
		{BDCD945A-1C19-438E-80B4-55F873129D71}.Release|x86.ActiveCfg = Release|iPhone
	EndGlobalSection
	GlobalSection(SolutionProperties) = preSolution
		HideSolutionNode = FALSE
	EndGlobalSection
	GlobalSection(MonoDevelopProperties) = preSolution
		Policies = $0
		$0.TextStylePolicy = $1
		$1.scope = text/x-csharp
		$1.inheritsSet = VisualStudio
		$1.inheritsScope = text/plain
		$0.CSharpFormattingPolicy = $2
		$2.scope = text/x-csharp
		$2.IndentSwitchSection = True
		$2.NewLinesForBracesInProperties = True
		$2.NewLinesForBracesInAccessors = True
		$2.NewLinesForBracesInAnonymousMethods = True
		$2.NewLinesForBracesInControlBlocks = True
		$2.NewLinesForBracesInAnonymousTypes = True
		$2.NewLinesForBracesInObjectCollectionArrayInitializers = True
		$2.NewLinesForBracesInLambdaExpressionBody = True
		$2.NewLineForElse = True
		$2.NewLineForCatch = True
		$2.NewLineForFinally = True
		$2.NewLineForMembersInObjectInit = True
		$2.NewLineForMembersInAnonymousTypes = True
		$2.NewLineForClausesInQuery = True
		$2.SpacingAfterMethodDeclarationName = False
		$2.SpaceAfterMethodCallName = False
		$2.SpaceBeforeOpenSquareBracket = False
		$2.inheritsSet = Mono
		$2.inheritsScope = text/x-csharp
		$0.DotNetNamingPolicy = $3
		$3.DirectoryNamespaceAssociation = PrefixedHierarchical
		$3.ResourceNamePolicy = FileFormatDefault
	EndGlobalSection
EndGlobal
